
Microsoft Visual Studio Solution File, Format Version 12.00
# Visual Studio Version 16
VisualStudioVersion = 16.0.29201.188
MinimumVisualStudioVersion = 10.0.40219.1
Project("{FAE04EC0-301F-11D3-BF4B-00C04F79EFBC}") = "BankaMusteriSiralamaSistemi", "BankaMusteriSiralamaSistemi\BankaMusteriSiralamaSistemi.csproj", "{E97F995A-4102-4B9C-9903-84D1F16427F7}"
EndProject
Global
	GlobalSection(SolutionConfigurationPlatforms) = preSolution
		Debug|Any CPU = Debug|Any CPU
		Release|Any CPU = Release|Any CPU
	EndGlobalSection
	GlobalSection(ProjectConfigurationPlatforms) = postSolution
		{E97F995A-4102-4B9C-9903-84D1F16427F7}.Debug|Any CPU.ActiveCfg = Debug|Any CPU
		{E97F995A-4102-4B9C-9903-84D1F16427F7}.Debug|Any CPU.Build.0 = Debug|Any CPU
		{E97F995A-4102-4B9C-9903-84D1F16427F7}.Release|Any CPU.ActiveCfg = Release|Any CPU
		{E97F995A-4102-4B9C-9903-84D1F16427F7}.Release|Any CPU.Build.0 = Release|Any CPU
	EndGlobalSection
	GlobalSection(SolutionProperties) = preSolution
		HideSolutionNode = FALSE
	EndGlobalSection
	GlobalSection(ExtensibilityGlobals) = postSolution
		SolutionGuid = {EE334A2D-8BF0-48F6-AFC8-F3BEC4799F25}
	EndGlobalSection
EndGlobal
